
Microsoft Visual Studio Solution File, Format Version 12.00
# Visual Studio Version 17
VisualStudioVersion = 17.7.34031.279
MinimumVisualStudioVersion = 10.0.40219.1
Project("{FAE04EC0-301F-11D3-BF4B-00C04F79EFBC}") = "applicationTP1", "applicationTP1\applicationTP1.csproj", "{ABFBB8C0-E688-4E74-BB95-92EA698FAFD1}"
EndProject
Global
	GlobalSection(SolutionConfigurationPlatforms) = preSolution
		Debug|Any CPU = Debug|Any CPU
		Release|Any CPU = Release|Any CPU
	EndGlobalSection
	GlobalSection(ProjectConfigurationPlatforms) = postSolution
		{ABFBB8C0-E688-4E74-BB95-92EA698FAFD1}.Debug|Any CPU.ActiveCfg = Debug|Any CPU
		{ABFBB8C0-E688-4E74-BB95-92EA698FAFD1}.Debug|Any CPU.Build.0 = Debug|Any CPU
		{ABFBB8C0-E688-4E74-BB95-92EA698FAFD1}.Release|Any CPU.ActiveCfg = Release|Any CPU
		{ABFBB8C0-E688-4E74-BB95-92EA698FAFD1}.Release|Any CPU.Build.0 = Release|Any CPU
	EndGlobalSection
	GlobalSection(SolutionProperties) = preSolution
		HideSolutionNode = FALSE
	EndGlobalSection
	GlobalSection(ExtensibilityGlobals) = postSolution
		SolutionGuid = {1B6AF8AF-19B4-45A4-9E45-70CF90B3216A}
	EndGlobalSection
EndGlobal
